// !$*UTF8*$!
{
	archiveVersion = 1;
	classes = {
	};
	objectVersion = 56;
	objects = {

/* Begin PBXBuildFile section */
		BD20ED2B29E42E4900DCA734 /* MatchedGeometry_FullScreenCoverApp.swift in Sources */ = {isa = PBXBuildFile; fileRef = BD20ED2A29E42E4900DCA734 /* MatchedGeometry_FullScreenCoverApp.swift */; };
		BD20ED2D29E42E4900DCA734 /* ContentView.swift in Sources */ = {isa = PBXBuildFile; fileRef = BD20ED2C29E42E4900DCA734 /* ContentView.swift */; };
		BD20ED2F29E42E4A00DCA734 /* Assets.xcassets in Resources */ = {isa = PBXBuildFile; fileRef = BD20ED2E29E42E4A00DCA734 /* Assets.xcassets */; };
		BD20ED3229E42E4A00DCA734 /* Preview Assets.xcassets in Resources */ = {isa = PBXBuildFile; fileRef = BD20ED3129E42E4A00DCA734 /* Preview Assets.xcassets */; };
		BD20ED3A29E42F2500DCA734 /* MyColor.swift in Sources */ = {isa = PBXBuildFile; fileRef = BD20ED3929E42F2500DCA734 /* MyColor.swift */; };
		BD20ED3D29E42FB200DCA734 /* Home.swift in Sources */ = {isa = PBXBuildFile; fileRef = BD20ED3C29E42FB200DCA734 /* Home.swift */; };
		BD88A2FF29E4CCF10035D368 /* MyColorDetailView.swift in Sources */ = {isa = PBXBuildFile; fileRef = BD88A2FE29E4CCF10035D368 /* MyColorDetailView.swift */; };
		BD88A30129E4D36F0035D368 /* ShowMyColorViewModifier.swift in Sources */ = {isa = PBXBuildFile; fileRef = BD88A30029E4D36F0035D368 /* ShowMyColorViewModifier.swift */; };
		BD88A30429E4D5330035D368 /* AnimationCompletionObserver.swift in Sources */ = {isa = PBXBuildFile; fileRef = BD88A30329E4D5330035D368 /* AnimationCompletionObserver.swift */; };
/* End PBXBuildFile section */

/* Begin PBXFileReference section */
		BD20ED2729E42E4900DCA734 /* MatchedGeometry_FullScreenCover.app */ = {isa = PBXFileReference; explicitFileType = wrapper.application; includeInIndex = 0; path = MatchedGeometry_FullScreenCover.app; sourceTree = BUILT_PRODUCTS_DIR; };
		BD20ED2A29E42E4900DCA734 /* MatchedGeometry_FullScreenCoverApp.swift */ = {isa = PBXFileReference; lastKnownFileType = sourcecode.swift; path = MatchedGeometry_FullScreenCoverApp.swift; sourceTree = "<group>"; };
		BD20ED2C29E42E4900DCA734 /* ContentView.swift */ = {isa = PBXFileReference; lastKnownFileType = sourcecode.swift; path = ContentView.swift; sourceTree = "<group>"; };
		BD20ED2E29E42E4A00DCA734 /* Assets.xcassets */ = {isa = PBXFileReference; lastKnownFileType = folder.assetcatalog; path = Assets.xcassets; sourceTree = "<group>"; };
		BD20ED3129E42E4A00DCA734 /* Preview Assets.xcassets */ = {isa = PBXFileReference; lastKnownFileType = folder.assetcatalog; path = "Preview Assets.xcassets"; sourceTree = "<group>"; };
		BD20ED3929E42F2500DCA734 /* MyColor.swift */ = {isa = PBXFileReference; lastKnownFileType = sourcecode.swift; path = MyColor.swift; sourceTree = "<group>"; };
		BD20ED3C29E42FB200DCA734 /* Home.swift */ = {isa = PBXFileReference; lastKnownFileType = sourcecode.swift; path = Home.swift; sourceTree = "<group>"; };
		BD88A2FE29E4CCF10035D368 /* MyColorDetailView.swift */ = {isa = PBXFileReference; lastKnownFileType = sourcecode.swift; path = MyColorDetailView.swift; sourceTree = "<group>"; };
		BD88A30029E4D36F0035D368 /* ShowMyColorViewModifier.swift */ = {isa = PBXFileReference; lastKnownFileType = sourcecode.swift; path = ShowMyColorViewModifier.swift; sourceTree = "<group>"; };
		BD88A30329E4D5330035D368 /* AnimationCompletionObserver.swift */ = {isa = PBXFileReference; lastKnownFileType = sourcecode.swift; path = AnimationCompletionObserver.swift; sourceTree = "<group>"; };
/* End PBXFileReference section */

/* Begin PBXFrameworksBuildPhase section */
		BD20ED2429E42E4900DCA734 /* Frameworks */ = {
			isa = PBXFrameworksBuildPhase;
			buildActionMask = 2147483647;
			files = (
			);
			runOnlyForDeploymentPostprocessing = 0;
		};
/* End PBXFrameworksBuildPhase section */

/* Begin PBXGroup section */
		BD20ED1E29E42E4900DCA734 = {
			isa = PBXGroup;
			children = (
				BD20ED2929E42E4900DCA734 /* MatchedGeometry_FullScreenCover */,
				BD20ED2829E42E4900DCA734 /* Products */,
			);
			sourceTree = "<group>";
		};
		BD20ED2829E42E4900DCA734 /* Products */ = {
			isa = PBXGroup;
			children = (
				BD20ED2729E42E4900DCA734 /* MatchedGeometry_FullScreenCover.app */,
			);
			name = Products;
			sourceTree = "<group>";
		};
		BD20ED2929E42E4900DCA734 /* MatchedGeometry_FullScreenCover */ = {
			isa = PBXGroup;
			children = (
				BD88A30229E4D52E0035D368 /* Helpers */,
				BD20ED3B29E42FA800DCA734 /* View */,
				BD20ED3829E42F0900DCA734 /* Model */,
				BD20ED2A29E42E4900DCA734 /* MatchedGeometry_FullScreenCoverApp.swift */,
				BD20ED2C29E42E4900DCA734 /* ContentView.swift */,
				BD20ED2E29E42E4A00DCA734 /* Assets.xcassets */,
				BD20ED3029E42E4A00DCA734 /* Preview Content */,
			);
			path = MatchedGeometry_FullScreenCover;
			sourceTree = "<group>";
		};
		BD20ED3029E42E4A00DCA734 /* Preview Content */ = {
			isa = PBXGroup;
			children = (
				BD20ED3129E42E4A00DCA734 /* Preview Assets.xcassets */,
			);
			path = "Preview Content";
			sourceTree = "<group>";
		};
		BD20ED3829E42F0900DCA734 /* Model */ = {
			isa = PBXGroup;
			children = (
				BD20ED3929E42F2500DCA734 /* MyColor.swift */,
			);
			path = Model;
			sourceTree = "<group>";
		};
		BD20ED3B29E42FA800DCA734 /* View */ = {
			isa = PBXGroup;
			children = (
				BD20ED3C29E42FB200DCA734 /* Home.swift */,
				BD88A2FE29E4CCF10035D368 /* MyColorDetailView.swift */,
				BD88A30029E4D36F0035D368 /* ShowMyColorViewModifier.swift */,
			);
			path = View;
			sourceTree = "<group>";
		};
		BD88A30229E4D52E0035D368 /* Helpers */ = {
			isa = PBXGroup;
			children = (
				BD88A30329E4D5330035D368 /* AnimationCompletionObserver.swift */,
			);
			path = Helpers;
			sourceTree = "<group>";
		};
/* End PBXGroup section */

/* Begin PBXNativeTarget section */
		BD20ED2629E42E4900DCA734 /* MatchedGeometry_FullScreenCover */ = {
			isa = PBXNativeTarget;
			buildConfigurationList = BD20ED3529E42E4A00DCA734 /* Build configuration list for PBXNativeTarget "MatchedGeometry_FullScreenCover" */;
			buildPhases = (
				BD20ED2329E42E4900DCA734 /* Sources */,
				BD20ED2429E42E4900DCA734 /* Frameworks */,
				BD20ED2529E42E4900DCA734 /* Resources */,
			);
			buildRules = (
			);
			dependencies = (
			);
			name = MatchedGeometry_FullScreenCover;
			productName = MatchedGeometry_FullScreenCover;
			productReference = BD20ED2729E42E4900DCA734 /* MatchedGeometry_FullScreenCover.app */;
			productType = "com.apple.product-type.application";
		};
/* End PBXNativeTarget section */

/* Begin PBXProject section */
		BD20ED1F29E42E4900DCA734 /* Project object */ = {
			isa = PBXProject;
			attributes = {
				BuildIndependentTargetsInParallel = 1;
				LastSwiftUpdateCheck = 1430;
				LastUpgradeCheck = 1430;
				TargetAttributes = {
					BD20ED2629E42E4900DCA734 = {
						CreatedOnToolsVersion = 14.3;
					};
				};
			};
			buildConfigurationList = BD20ED2229E42E4900DCA734 /* Build configuration list for PBXProject "MatchedGeometry_FullScreenCover" */;
			compatibilityVersion = "Xcode 14.0";
			developmentRegion = en;
			hasScannedForEncodings = 0;
			knownRegions = (
				en,
				Base,
			);
			mainGroup = BD20ED1E29E42E4900DCA734;
			productRefGroup = BD20ED2829E42E4900DCA734 /* Products */;
			projectDirPath = "";
			projectRoot = "";
			targets = (
				BD20ED2629E42E4900DCA734 /* MatchedGeometry_FullScreenCover */,
			);
		};
/* End PBXProject section */

/* Begin PBXResourcesBuildPhase section */
		BD20ED2529E42E4900DCA734 /* Resources */ = {
			isa = PBXResourcesBuildPhase;
			buildActionMask = 2147483647;
			files = (
				BD20ED3229E42E4A00DCA734 /* Preview Assets.xcassets in Resources */,
				BD20ED2F29E42E4A00DCA734 /* Assets.xcassets in Resources */,
			);
			runOnlyForDeploymentPostprocessing = 0;
		};
/* End PBXResourcesBuildPhase section */

/* Begin PBXSourcesBuildPhase section */
		BD20ED2329E42E4900DCA734 /* Sources */ = {
			isa = PBXSourcesBuildPhase;
			buildActionMask = 2147483647;
			files = (
				BD88A30429E4D5330035D368 /* AnimationCompletionObserver.swift in Sources */,
				BD88A30129E4D36F0035D368 /* ShowMyColorViewModifier.swift in Sources */,
				BD20ED2D29E42E4900DCA734 /* ContentView.swift in Sources */,
				BD20ED3A29E42F2500DCA734 /* MyColor.swift in Sources */,
				BD20ED3D29E42FB200DCA734 /* Home.swift in Sources */,
				BD88A2FF29E4CCF10035D368 /* MyColorDetailView.swift in Sources */,
				BD20ED2B29E42E4900DCA734 /* MatchedGeometry_FullScreenCoverApp.swift in Sources */,
			);
			runOnlyForDeploymentPostprocessing = 0;
		};
/* End PBXSourcesBuildPhase section */

/* Begin XCBuildConfiguration section */
		BD20ED3329E42E4A00DCA734 /* Debug */ = {
			isa = XCBuildConfiguration;
			buildSettings = {
				ALWAYS_SEARCH_USER_PATHS = NO;
				CLANG_ANALYZER_NONNULL = YES;
				CLANG_ANALYZER_NUMBER_OBJECT_CONVERSION = YES_AGGRESSIVE;
				CLANG_CXX_LANGUAGE_STANDARD = "gnu++20";
				CLANG_ENABLE_MODULES = YES;
				CLANG_ENABLE_OBJC_ARC = YES;
				CLANG_ENABLE_OBJC_WEAK = YES;
				CLANG_WARN_BLOCK_CAPTURE_AUTORELEASING = YES;
				CLANG_WARN_BOOL_CONVERSION = YES;
				CLANG_WARN_COMMA = YES;
				CLANG_WARN_CONSTANT_CONVERSION = YES;
				CLANG_WARN_DEPRECATED_OBJC_IMPLEMENTATIONS = YES;
				CLANG_WARN_DIRECT_OBJC_ISA_USAGE = YES_ERROR;
				CLANG_WARN_DOCUMENTATION_COMMENTS = YES;
				CLANG_WARN_EMPTY_BODY = YES;
				CLANG_WARN_ENUM_CONVERSION = YES;
				CLANG_WARN_INFINITE_RECURSION = YES;
				CLANG_WARN_INT_CONVERSION = YES;
				CLANG_WARN_NON_LITERAL_NULL_CONVERSION = YES;
				CLANG_WARN_OBJC_IMPLICIT_RETAIN_SELF = YES;
				CLANG_WARN_OBJC_LITERAL_CONVERSION = YES;
				CLANG_WARN_OBJC_ROOT_CLASS = YES_ERROR;
				CLANG_WARN_QUOTED_INCLUDE_IN_FRAMEWORK_HEADER = YES;
				CLANG_WARN_RANGE_LOOP_ANALYSIS = YES;
				CLANG_WARN_STRICT_PROTOTYPES = YES;
				CLANG_WARN_SUSPICIOUS_MOVE = YES;
				CLANG_WARN_UNGUARDED_AVAILABILITY = YES_AGGRESSIVE;
				CLANG_WARN_UNREACHABLE_CODE = YES;
				CLANG_WARN__DUPLICATE_METHOD_MATCH = YES;
				COPY_PHASE_STRIP = NO;
				DEBUG_INFORMATION_FORMAT = dwarf;
				ENABLE_STRICT_OBJC_MSGSEND = YES;
				ENABLE_TESTABILITY = YES;
				GCC_C_LANGUAGE_STANDARD = gnu11;
				GCC_DYNAMIC_NO_PIC = NO;
				GCC_NO_COMMON_BLOCKS = YES;
				GCC_OPTIMIZATION_LEVEL = 0;
				GCC_PREPROCESSOR_DEFINITIONS = (
					"DEBUG=1",
					"$(inherited)",
				);
				GCC_WARN_64_TO_32_BIT_CONVERSION = YES;
				GCC_WARN_ABOUT_RETURN_TYPE = YES_ERROR;
				GCC_WARN_UNDECLARED_SELECTOR = YES;
				GCC_WARN_UNINITIALIZED_AUTOS = YES_AGGRESSIVE;
				GCC_WARN_UNUSED_FUNCTION = YES;
				GCC_WARN_UNUSED_VARIABLE = YES;
				IPHONEOS_DEPLOYMENT_TARGET = 16.4;
				MTL_ENABLE_DEBUG_INFO = INCLUDE_SOURCE;
				MTL_FAST_MATH = YES;
				ONLY_ACTIVE_ARCH = YES;
				SDKROOT = iphoneos;
				SWIFT_ACTIVE_COMPILATION_CONDITIONS = DEBUG;
				SWIFT_OPTIMIZATION_LEVEL = "-Onone";
			};
			name = Debug;
		};
		BD20ED3429E42E4A00DCA734 /* Release */ = {
			isa = XCBuildConfiguration;
			buildSettings = {
				ALWAYS_SEARCH_USER_PATHS = NO;
				CLANG_ANALYZER_NONNULL = YES;
				CLANG_ANALYZER_NUMBER_OBJECT_CONVERSION = YES_AGGRESSIVE;
				CLANG_CXX_LANGUAGE_STANDARD = "gnu++20";
				CLANG_ENABLE_MODULES = YES;
				CLANG_ENABLE_OBJC_ARC = YES;
				CLANG_ENABLE_OBJC_WEAK = YES;
				CLANG_WARN_BLOCK_CAPTURE_AUTORELEASING = YES;
				CLANG_WARN_BOOL_CONVERSION = YES;
				CLANG_WARN_COMMA = YES;
				CLANG_WARN_CONSTANT_CONVERSION = YES;
				CLANG_WARN_DEPRECATED_OBJC_IMPLEMENTATIONS = YES;
				CLANG_WARN_DIRECT_OBJC_ISA_USAGE = YES_ERROR;
				CLANG_WARN_DOCUMENTATION_COMMENTS = YES;
				CLANG_WARN_EMPTY_BODY = YES;
				CLANG_WARN_ENUM_CONVERSION = YES;
				CLANG_WARN_INFINITE_RECURSION = YES;
				CLANG_WARN_INT_CONVERSION = YES;
				CLANG_WARN_NON_LITERAL_NULL_CONVERSION = YES;
				CLANG_WARN_OBJC_IMPLICIT_RETAIN_SELF = YES;
				CLANG_WARN_OBJC_LITERAL_CONVERSION = YES;
				CLANG_WARN_OBJC_ROOT_CLASS = YES_ERROR;
				CLANG_WARN_QUOTED_INCLUDE_IN_FRAMEWORK_HEADER = YES;
				CLANG_WARN_RANGE_LOOP_ANALYSIS = YES;
				CLANG_WARN_STRICT_PROTOTYPES = YES;
				CLANG_WARN_SUSPICIOUS_MOVE = YES;
				CLANG_WARN_UNGUARDED_AVAILABILITY = YES_AGGRESSIVE;
				CLANG_WARN_UNREACHABLE_CODE = YES;
				CLANG_WARN__DUPLICATE_METHOD_MATCH = YES;
				COPY_PHASE_STRIP = NO;
				DEBUG_INFORMATION_FORMAT = "dwarf-with-dsym";
				ENABLE_NS_ASSERTIONS = NO;
				ENABLE_STRICT_OBJC_MSGSEND = YES;
				GCC_C_LANGUAGE_STANDARD = gnu11;
				GCC_NO_COMMON_BLOCKS = YES;
				GCC_WARN_64_TO_32_BIT_CONVERSION = YES;
				GCC_WARN_ABOUT_RETURN_TYPE = YES_ERROR;
				GCC_WARN_UNDECLARED_SELECTOR = YES;
				GCC_WARN_UNINITIALIZED_AUTOS = YES_AGGRESSIVE;
				GCC_WARN_UNUSED_FUNCTION = YES;
				GCC_WARN_UNUSED_VARIABLE = YES;
				IPHONEOS_DEPLOYMENT_TARGET = 16.4;
				MTL_ENABLE_DEBUG_INFO = NO;
				MTL_FAST_MATH = YES;
				SDKROOT = iphoneos;
				SWIFT_COMPILATION_MODE = wholemodule;
				SWIFT_OPTIMIZATION_LEVEL = "-O";
				VALIDATE_PRODUCT = YES;
			};
			name = Release;
		};
		BD20ED3629E42E4A00DCA734 /* Debug */ = {
			isa = XCBuildConfiguration;
			buildSettings = {
				ASSETCATALOG_COMPILER_APPICON_NAME = AppIcon;
				ASSETCATALOG_COMPILER_GLOBAL_ACCENT_COLOR_NAME = AccentColor;
				CODE_SIGN_STYLE = Automatic;
				CURRENT_PROJECT_VERSION = 1;
				DEVELOPMENT_ASSET_PATHS = "\"MatchedGeometry_FullScreenCover/Preview Content\"";
				DEVELOPMENT_TEAM = T77G9YWYU5;
				ENABLE_PREVIEWS = YES;
				GENERATE_INFOPLIST_FILE = YES;
				INFOPLIST_KEY_UIApplicationSceneManifest_Generation = YES;
				INFOPLIST_KEY_UIApplicationSupportsIndirectInputEvents = YES;
				INFOPLIST_KEY_UILaunchScreen_Generation = YES;
				INFOPLIST_KEY_UISupportedInterfaceOrientations_iPad = "UIInterfaceOrientationPortrait UIInterfaceOrientationPortraitUpsideDown UIInterfaceOrientationLandscapeLeft UIInterfaceOrientationLandscapeRight";
				INFOPLIST_KEY_UISupportedInterfaceOrientations_iPhone = "UIInterfaceOrientationPortrait UIInterfaceOrientationLandscapeLeft UIInterfaceOrientationLandscapeRight";
				LD_RUNPATH_SEARCH_PATHS = (
					"$(inherited)",
					"@executable_path/Frameworks",
				);
				MARKETING_VERSION = 1.0;
				PRODUCT_BUNDLE_IDENTIFIER = "com.MatchedGeometry-FullScreenCover";
				PRODUCT_NAME = "$(TARGET_NAME)";
				SWIFT_EMIT_LOC_STRINGS = YES;
				SWIFT_VERSION = 5.0;
				TARGETED_DEVICE_FAMILY = "1,2";
			};
			name = Debug;
		};
		BD20ED3729E42E4A00DCA734 /* Release */ = {
			isa = XCBuildConfiguration;
			buildSettings = {
				ASSETCATALOG_COMPILER_APPICON_NAME = AppIcon;
				ASSETCATALOG_COMPILER_GLOBAL_ACCENT_COLOR_NAME = AccentColor;
				CODE_SIGN_STYLE = Automatic;
				CURRENT_PROJECT_VERSION = 1;
				DEVELOPMENT_ASSET_PATHS = "\"MatchedGeometry_FullScreenCover/Preview Content\"";
				DEVELOPMENT_TEAM = T77G9YWYU5;
				ENABLE_PREVIEWS = YES;
				GENERATE_INFOPLIST_FILE = YES;
				INFOPLIST_KEY_UIApplicationSceneManifest_Generation = YES;
				INFOPLIST_KEY_UIApplicationSupportsIndirectInputEvents = YES;
				INFOPLIST_KEY_UILaunchScreen_Generation = YES;
				INFOPLIST_KEY_UISupportedInterfaceOrientations_iPad = "UIInterfaceOrientationPortrait UIInterfaceOrientationPortraitUpsideDown UIInterfaceOrientationLandscapeLeft UIInterfaceOrientationLandscapeRight";
				INFOPLIST_KEY_UISupportedInterfaceOrientations_iPhone = "UIInterfaceOrientationPortrait UIInterfaceOrientationLandscapeLeft UIInterfaceOrientationLandscapeRight";
				LD_RUNPATH_SEARCH_PATHS = (
					"$(inherited)",
					"@executable_path/Frameworks",
				);
				MARKETING_VERSION = 1.0;
				PRODUCT_BUNDLE_IDENTIFIER = "com.MatchedGeometry-FullScreenCover";
				PRODUCT_NAME = "$(TARGET_NAME)";
				SWIFT_EMIT_LOC_STRINGS = YES;
				SWIFT_VERSION = 5.0;
				TARGETED_DEVICE_FAMILY = "1,2";
			};
			name = Release;
		};
/* End XCBuildConfiguration section */

/* Begin XCConfigurationList section */
		BD20ED2229E42E4900DCA734 /* Build configuration list for PBXProject "MatchedGeometry_FullScreenCover" */ = {
			isa = XCConfigurationList;
			buildConfigurations = (
				BD20ED3329E42E4A00DCA734 /* Debug */,
				BD20ED3429E42E4A00DCA734 /* Release */,
			);
			defaultConfigurationIsVisible = 0;
			defaultConfigurationName = Release;
		};
		BD20ED3529E42E4A00DCA734 /* Build configuration list for PBXNativeTarget "MatchedGeometry_FullScreenCover" */ = {
			isa = XCConfigurationList;
			buildConfigurations = (
				BD20ED3629E42E4A00DCA734 /* Debug */,
				BD20ED3729E42E4A00DCA734 /* Release */,
			);
			defaultConfigurationIsVisible = 0;
			defaultConfigurationName = Release;
		};
/* End XCConfigurationList section */
	};
	rootObject = BD20ED1F29E42E4900DCA734 /* Project object */;
}
