// !$*UTF8*$!
{
	archiveVersion = 1;
	classes = {
	};
	objectVersion = 56;
	objects = {

/* Begin PBXBuildFile section */
		BDF0AE8129E67AB200DBCB8B /* TinderUIApp.swift in Sources */ = {isa = PBXBuildFile; fileRef = BDF0AE8029E67AB200DBCB8B /* TinderUIApp.swift */; };
		BDF0AE8329E67AB200DBCB8B /* ContentView.swift in Sources */ = {isa = PBXBuildFile; fileRef = BDF0AE8229E67AB200DBCB8B /* ContentView.swift */; };
		BDF0AE8529E67AB400DBCB8B /* Assets.xcassets in Resources */ = {isa = PBXBuildFile; fileRef = BDF0AE8429E67AB400DBCB8B /* Assets.xcassets */; };
		BDF0AE8829E67AB400DBCB8B /* Preview Assets.xcassets in Resources */ = {isa = PBXBuildFile; fileRef = BDF0AE8729E67AB400DBCB8B /* Preview Assets.xcassets */; };
		BDF0AE9229E67AD100DBCB8B /* HomeView.swift in Sources */ = {isa = PBXBuildFile; fileRef = BDF0AE9129E67AD100DBCB8B /* HomeView.swift */; };
		BDF0AE9429E7D6F300DBCB8B /* HomeViewModel.swift in Sources */ = {isa = PBXBuildFile; fileRef = BDF0AE9329E7D6F300DBCB8B /* HomeViewModel.swift */; };
		BDF0AE9629E7D74E00DBCB8B /* User.swift in Sources */ = {isa = PBXBuildFile; fileRef = BDF0AE9529E7D74E00DBCB8B /* User.swift */; };
		BDF0AE9929E7D85100DBCB8B /* Extension+Color.swift in Sources */ = {isa = PBXBuildFile; fileRef = BDF0AE9829E7D85100DBCB8B /* Extension+Color.swift */; };
		BDF0AE9B29E7DCA000DBCB8B /* StackCardView.swift in Sources */ = {isa = PBXBuildFile; fileRef = BDF0AE9A29E7DCA000DBCB8B /* StackCardView.swift */; };
		BDF0AE9D29E7E6C200DBCB8B /* Extension+View.swift in Sources */ = {isa = PBXBuildFile; fileRef = BDF0AE9C29E7E6C200DBCB8B /* Extension+View.swift */; };
/* End PBXBuildFile section */

/* Begin PBXFileReference section */
		BDF0AE7D29E67AB200DBCB8B /* TinderUI.app */ = {isa = PBXFileReference; explicitFileType = wrapper.application; includeInIndex = 0; path = TinderUI.app; sourceTree = BUILT_PRODUCTS_DIR; };
		BDF0AE8029E67AB200DBCB8B /* TinderUIApp.swift */ = {isa = PBXFileReference; lastKnownFileType = sourcecode.swift; path = TinderUIApp.swift; sourceTree = "<group>"; };
		BDF0AE8229E67AB200DBCB8B /* ContentView.swift */ = {isa = PBXFileReference; lastKnownFileType = sourcecode.swift; path = ContentView.swift; sourceTree = "<group>"; };
		BDF0AE8429E67AB400DBCB8B /* Assets.xcassets */ = {isa = PBXFileReference; lastKnownFileType = folder.assetcatalog; path = Assets.xcassets; sourceTree = "<group>"; };
		BDF0AE8729E67AB400DBCB8B /* Preview Assets.xcassets */ = {isa = PBXFileReference; lastKnownFileType = folder.assetcatalog; path = "Preview Assets.xcassets"; sourceTree = "<group>"; };
		BDF0AE9129E67AD100DBCB8B /* HomeView.swift */ = {isa = PBXFileReference; lastKnownFileType = sourcecode.swift; path = HomeView.swift; sourceTree = "<group>"; };
		BDF0AE9329E7D6F300DBCB8B /* HomeViewModel.swift */ = {isa = PBXFileReference; lastKnownFileType = sourcecode.swift; path = HomeViewModel.swift; sourceTree = "<group>"; };
		BDF0AE9529E7D74E00DBCB8B /* User.swift */ = {isa = PBXFileReference; lastKnownFileType = sourcecode.swift; path = User.swift; sourceTree = "<group>"; };
		BDF0AE9829E7D85100DBCB8B /* Extension+Color.swift */ = {isa = PBXFileReference; lastKnownFileType = sourcecode.swift; path = "Extension+Color.swift"; sourceTree = "<group>"; };
		BDF0AE9A29E7DCA000DBCB8B /* StackCardView.swift */ = {isa = PBXFileReference; lastKnownFileType = sourcecode.swift; path = StackCardView.swift; sourceTree = "<group>"; };
		BDF0AE9C29E7E6C200DBCB8B /* Extension+View.swift */ = {isa = PBXFileReference; lastKnownFileType = sourcecode.swift; path = "Extension+View.swift"; sourceTree = "<group>"; };
/* End PBXFileReference section */

/* Begin PBXFrameworksBuildPhase section */
		BDF0AE7A29E67AB200DBCB8B /* Frameworks */ = {
			isa = PBXFrameworksBuildPhase;
			buildActionMask = 2147483647;
			files = (
			);
			runOnlyForDeploymentPostprocessing = 0;
		};
/* End PBXFrameworksBuildPhase section */

/* Begin PBXGroup section */
		BDF0AE7429E67AB200DBCB8B = {
			isa = PBXGroup;
			children = (
				BDF0AE7F29E67AB200DBCB8B /* TinderUI */,
				BDF0AE7E29E67AB200DBCB8B /* Products */,
			);
			sourceTree = "<group>";
		};
		BDF0AE7E29E67AB200DBCB8B /* Products */ = {
			isa = PBXGroup;
			children = (
				BDF0AE7D29E67AB200DBCB8B /* TinderUI.app */,
			);
			name = Products;
			sourceTree = "<group>";
		};
		BDF0AE7F29E67AB200DBCB8B /* TinderUI */ = {
			isa = PBXGroup;
			children = (
				BDF0AE9729E7D83F00DBCB8B /* Helper */,
				BDF0AE9029E67ACA00DBCB8B /* Model */,
				BDF0AE8F29E67AC700DBCB8B /* ViewModel */,
				BDF0AE8E29E67AC400DBCB8B /* View */,
				BDF0AE8029E67AB200DBCB8B /* TinderUIApp.swift */,
				BDF0AE8229E67AB200DBCB8B /* ContentView.swift */,
				BDF0AE8429E67AB400DBCB8B /* Assets.xcassets */,
				BDF0AE8629E67AB400DBCB8B /* Preview Content */,
			);
			path = TinderUI;
			sourceTree = "<group>";
		};
		BDF0AE8629E67AB400DBCB8B /* Preview Content */ = {
			isa = PBXGroup;
			children = (
				BDF0AE8729E67AB400DBCB8B /* Preview Assets.xcassets */,
			);
			path = "Preview Content";
			sourceTree = "<group>";
		};
		BDF0AE8E29E67AC400DBCB8B /* View */ = {
			isa = PBXGroup;
			children = (
				BDF0AE9129E67AD100DBCB8B /* HomeView.swift */,
				BDF0AE9A29E7DCA000DBCB8B /* StackCardView.swift */,
			);
			path = View;
			sourceTree = "<group>";
		};
		BDF0AE8F29E67AC700DBCB8B /* ViewModel */ = {
			isa = PBXGroup;
			children = (
				BDF0AE9329E7D6F300DBCB8B /* HomeViewModel.swift */,
			);
			path = ViewModel;
			sourceTree = "<group>";
		};
		BDF0AE9029E67ACA00DBCB8B /* Model */ = {
			isa = PBXGroup;
			children = (
				BDF0AE9529E7D74E00DBCB8B /* User.swift */,
			);
			path = Model;
			sourceTree = "<group>";
		};
		BDF0AE9729E7D83F00DBCB8B /* Helper */ = {
			isa = PBXGroup;
			children = (
				BDF0AE9829E7D85100DBCB8B /* Extension+Color.swift */,
				BDF0AE9C29E7E6C200DBCB8B /* Extension+View.swift */,
			);
			path = Helper;
			sourceTree = "<group>";
		};
/* End PBXGroup section */

/* Begin PBXNativeTarget section */
		BDF0AE7C29E67AB200DBCB8B /* TinderUI */ = {
			isa = PBXNativeTarget;
			buildConfigurationList = BDF0AE8B29E67AB400DBCB8B /* Build configuration list for PBXNativeTarget "TinderUI" */;
			buildPhases = (
				BDF0AE7929E67AB200DBCB8B /* Sources */,
				BDF0AE7A29E67AB200DBCB8B /* Frameworks */,
				BDF0AE7B29E67AB200DBCB8B /* Resources */,
			);
			buildRules = (
			);
			dependencies = (
			);
			name = TinderUI;
			productName = TinderUI;
			productReference = BDF0AE7D29E67AB200DBCB8B /* TinderUI.app */;
			productType = "com.apple.product-type.application";
		};
/* End PBXNativeTarget section */

/* Begin PBXProject section */
		BDF0AE7529E67AB200DBCB8B /* Project object */ = {
			isa = PBXProject;
			attributes = {
				BuildIndependentTargetsInParallel = 1;
				LastSwiftUpdateCheck = 1430;
				LastUpgradeCheck = 1430;
				TargetAttributes = {
					BDF0AE7C29E67AB200DBCB8B = {
						CreatedOnToolsVersion = 14.3;
					};
				};
			};
			buildConfigurationList = BDF0AE7829E67AB200DBCB8B /* Build configuration list for PBXProject "TinderUI" */;
			compatibilityVersion = "Xcode 14.0";
			developmentRegion = en;
			hasScannedForEncodings = 0;
			knownRegions = (
				en,
				Base,
			);
			mainGroup = BDF0AE7429E67AB200DBCB8B;
			productRefGroup = BDF0AE7E29E67AB200DBCB8B /* Products */;
			projectDirPath = "";
			projectRoot = "";
			targets = (
				BDF0AE7C29E67AB200DBCB8B /* TinderUI */,
			);
		};
/* End PBXProject section */

/* Begin PBXResourcesBuildPhase section */
		BDF0AE7B29E67AB200DBCB8B /* Resources */ = {
			isa = PBXResourcesBuildPhase;
			buildActionMask = 2147483647;
			files = (
				BDF0AE8829E67AB400DBCB8B /* Preview Assets.xcassets in Resources */,
				BDF0AE8529E67AB400DBCB8B /* Assets.xcassets in Resources */,
			);
			runOnlyForDeploymentPostprocessing = 0;
		};
/* End PBXResourcesBuildPhase section */

/* Begin PBXSourcesBuildPhase section */
		BDF0AE7929E67AB200DBCB8B /* Sources */ = {
			isa = PBXSourcesBuildPhase;
			buildActionMask = 2147483647;
			files = (
				BDF0AE8329E67AB200DBCB8B /* ContentView.swift in Sources */,
				BDF0AE9B29E7DCA000DBCB8B /* StackCardView.swift in Sources */,
				BDF0AE9D29E7E6C200DBCB8B /* Extension+View.swift in Sources */,
				BDF0AE9929E7D85100DBCB8B /* Extension+Color.swift in Sources */,
				BDF0AE9229E67AD100DBCB8B /* HomeView.swift in Sources */,
				BDF0AE8129E67AB200DBCB8B /* TinderUIApp.swift in Sources */,
				BDF0AE9629E7D74E00DBCB8B /* User.swift in Sources */,
				BDF0AE9429E7D6F300DBCB8B /* HomeViewModel.swift in Sources */,
			);
			runOnlyForDeploymentPostprocessing = 0;
		};
/* End PBXSourcesBuildPhase section */

/* Begin XCBuildConfiguration section */
		BDF0AE8929E67AB400DBCB8B /* Debug */ = {
			isa = XCBuildConfiguration;
			buildSettings = {
				ALWAYS_SEARCH_USER_PATHS = NO;
				CLANG_ANALYZER_NONNULL = YES;
				CLANG_ANALYZER_NUMBER_OBJECT_CONVERSION = YES_AGGRESSIVE;
				CLANG_CXX_LANGUAGE_STANDARD = "gnu++20";
				CLANG_ENABLE_MODULES = YES;
				CLANG_ENABLE_OBJC_ARC = YES;
				CLANG_ENABLE_OBJC_WEAK = YES;
				CLANG_WARN_BLOCK_CAPTURE_AUTORELEASING = YES;
				CLANG_WARN_BOOL_CONVERSION = YES;
				CLANG_WARN_COMMA = YES;
				CLANG_WARN_CONSTANT_CONVERSION = YES;
				CLANG_WARN_DEPRECATED_OBJC_IMPLEMENTATIONS = YES;
				CLANG_WARN_DIRECT_OBJC_ISA_USAGE = YES_ERROR;
				CLANG_WARN_DOCUMENTATION_COMMENTS = YES;
				CLANG_WARN_EMPTY_BODY = YES;
				CLANG_WARN_ENUM_CONVERSION = YES;
				CLANG_WARN_INFINITE_RECURSION = YES;
				CLANG_WARN_INT_CONVERSION = YES;
				CLANG_WARN_NON_LITERAL_NULL_CONVERSION = YES;
				CLANG_WARN_OBJC_IMPLICIT_RETAIN_SELF = YES;
				CLANG_WARN_OBJC_LITERAL_CONVERSION = YES;
				CLANG_WARN_OBJC_ROOT_CLASS = YES_ERROR;
				CLANG_WARN_QUOTED_INCLUDE_IN_FRAMEWORK_HEADER = YES;
				CLANG_WARN_RANGE_LOOP_ANALYSIS = YES;
				CLANG_WARN_STRICT_PROTOTYPES = YES;
				CLANG_WARN_SUSPICIOUS_MOVE = YES;
				CLANG_WARN_UNGUARDED_AVAILABILITY = YES_AGGRESSIVE;
				CLANG_WARN_UNREACHABLE_CODE = YES;
				CLANG_WARN__DUPLICATE_METHOD_MATCH = YES;
				COPY_PHASE_STRIP = NO;
				DEBUG_INFORMATION_FORMAT = dwarf;
				ENABLE_STRICT_OBJC_MSGSEND = YES;
				ENABLE_TESTABILITY = YES;
				GCC_C_LANGUAGE_STANDARD = gnu11;
				GCC_DYNAMIC_NO_PIC = NO;
				GCC_NO_COMMON_BLOCKS = YES;
				GCC_OPTIMIZATION_LEVEL = 0;
				GCC_PREPROCESSOR_DEFINITIONS = (
					"DEBUG=1",
					"$(inherited)",
				);
				GCC_WARN_64_TO_32_BIT_CONVERSION = YES;
				GCC_WARN_ABOUT_RETURN_TYPE = YES_ERROR;
				GCC_WARN_UNDECLARED_SELECTOR = YES;
				GCC_WARN_UNINITIALIZED_AUTOS = YES_AGGRESSIVE;
				GCC_WARN_UNUSED_FUNCTION = YES;
				GCC_WARN_UNUSED_VARIABLE = YES;
				IPHONEOS_DEPLOYMENT_TARGET = 16.4;
				MTL_ENABLE_DEBUG_INFO = INCLUDE_SOURCE;
				MTL_FAST_MATH = YES;
				ONLY_ACTIVE_ARCH = YES;
				SDKROOT = iphoneos;
				SWIFT_ACTIVE_COMPILATION_CONDITIONS = DEBUG;
				SWIFT_OPTIMIZATION_LEVEL = "-Onone";
			};
			name = Debug;
		};
		BDF0AE8A29E67AB400DBCB8B /* Release */ = {
			isa = XCBuildConfiguration;
			buildSettings = {
				ALWAYS_SEARCH_USER_PATHS = NO;
				CLANG_ANALYZER_NONNULL = YES;
				CLANG_ANALYZER_NUMBER_OBJECT_CONVERSION = YES_AGGRESSIVE;
				CLANG_CXX_LANGUAGE_STANDARD = "gnu++20";
				CLANG_ENABLE_MODULES = YES;
				CLANG_ENABLE_OBJC_ARC = YES;
				CLANG_ENABLE_OBJC_WEAK = YES;
				CLANG_WARN_BLOCK_CAPTURE_AUTORELEASING = YES;
				CLANG_WARN_BOOL_CONVERSION = YES;
				CLANG_WARN_COMMA = YES;
				CLANG_WARN_CONSTANT_CONVERSION = YES;
				CLANG_WARN_DEPRECATED_OBJC_IMPLEMENTATIONS = YES;
				CLANG_WARN_DIRECT_OBJC_ISA_USAGE = YES_ERROR;
				CLANG_WARN_DOCUMENTATION_COMMENTS = YES;
				CLANG_WARN_EMPTY_BODY = YES;
				CLANG_WARN_ENUM_CONVERSION = YES;
				CLANG_WARN_INFINITE_RECURSION = YES;
				CLANG_WARN_INT_CONVERSION = YES;
				CLANG_WARN_NON_LITERAL_NULL_CONVERSION = YES;
				CLANG_WARN_OBJC_IMPLICIT_RETAIN_SELF = YES;
				CLANG_WARN_OBJC_LITERAL_CONVERSION = YES;
				CLANG_WARN_OBJC_ROOT_CLASS = YES_ERROR;
				CLANG_WARN_QUOTED_INCLUDE_IN_FRAMEWORK_HEADER = YES;
				CLANG_WARN_RANGE_LOOP_ANALYSIS = YES;
				CLANG_WARN_STRICT_PROTOTYPES = YES;
				CLANG_WARN_SUSPICIOUS_MOVE = YES;
				CLANG_WARN_UNGUARDED_AVAILABILITY = YES_AGGRESSIVE;
				CLANG_WARN_UNREACHABLE_CODE = YES;
				CLANG_WARN__DUPLICATE_METHOD_MATCH = YES;
				COPY_PHASE_STRIP = NO;
				DEBUG_INFORMATION_FORMAT = "dwarf-with-dsym";
				ENABLE_NS_ASSERTIONS = NO;
				ENABLE_STRICT_OBJC_MSGSEND = YES;
				GCC_C_LANGUAGE_STANDARD = gnu11;
				GCC_NO_COMMON_BLOCKS = YES;
				GCC_WARN_64_TO_32_BIT_CONVERSION = YES;
				GCC_WARN_ABOUT_RETURN_TYPE = YES_ERROR;
				GCC_WARN_UNDECLARED_SELECTOR = YES;
				GCC_WARN_UNINITIALIZED_AUTOS = YES_AGGRESSIVE;
				GCC_WARN_UNUSED_FUNCTION = YES;
				GCC_WARN_UNUSED_VARIABLE = YES;
				IPHONEOS_DEPLOYMENT_TARGET = 16.4;
				MTL_ENABLE_DEBUG_INFO = NO;
				MTL_FAST_MATH = YES;
				SDKROOT = iphoneos;
				SWIFT_COMPILATION_MODE = wholemodule;
				SWIFT_OPTIMIZATION_LEVEL = "-O";
				VALIDATE_PRODUCT = YES;
			};
			name = Release;
		};
		BDF0AE8C29E67AB400DBCB8B /* Debug */ = {
			isa = XCBuildConfiguration;
			buildSettings = {
				ASSETCATALOG_COMPILER_APPICON_NAME = AppIcon;
				ASSETCATALOG_COMPILER_GLOBAL_ACCENT_COLOR_NAME = AccentColor;
				CODE_SIGN_STYLE = Automatic;
				CURRENT_PROJECT_VERSION = 1;
				DEVELOPMENT_ASSET_PATHS = "\"TinderUI/Preview Content\"";
				DEVELOPMENT_TEAM = T77G9YWYU5;
				ENABLE_PREVIEWS = YES;
				GENERATE_INFOPLIST_FILE = YES;
				INFOPLIST_KEY_UIApplicationSceneManifest_Generation = YES;
				INFOPLIST_KEY_UIApplicationSupportsIndirectInputEvents = YES;
				INFOPLIST_KEY_UILaunchScreen_Generation = YES;
				INFOPLIST_KEY_UISupportedInterfaceOrientations_iPad = "UIInterfaceOrientationPortrait UIInterfaceOrientationPortraitUpsideDown UIInterfaceOrientationLandscapeLeft UIInterfaceOrientationLandscapeRight";
				INFOPLIST_KEY_UISupportedInterfaceOrientations_iPhone = "UIInterfaceOrientationPortrait UIInterfaceOrientationLandscapeLeft UIInterfaceOrientationLandscapeRight";
				LD_RUNPATH_SEARCH_PATHS = (
					"$(inherited)",
					"@executable_path/Frameworks",
				);
				MARKETING_VERSION = 1.0;
				PRODUCT_BUNDLE_IDENTIFIER = com.TinderUI;
				PRODUCT_NAME = "$(TARGET_NAME)";
				SWIFT_EMIT_LOC_STRINGS = YES;
				SWIFT_VERSION = 5.0;
				TARGETED_DEVICE_FAMILY = "1,2";
			};
			name = Debug;
		};
		BDF0AE8D29E67AB400DBCB8B /* Release */ = {
			isa = XCBuildConfiguration;
			buildSettings = {
				ASSETCATALOG_COMPILER_APPICON_NAME = AppIcon;
				ASSETCATALOG_COMPILER_GLOBAL_ACCENT_COLOR_NAME = AccentColor;
				CODE_SIGN_STYLE = Automatic;
				CURRENT_PROJECT_VERSION = 1;
				DEVELOPMENT_ASSET_PATHS = "\"TinderUI/Preview Content\"";
				DEVELOPMENT_TEAM = T77G9YWYU5;
				ENABLE_PREVIEWS = YES;
				GENERATE_INFOPLIST_FILE = YES;
				INFOPLIST_KEY_UIApplicationSceneManifest_Generation = YES;
				INFOPLIST_KEY_UIApplicationSupportsIndirectInputEvents = YES;
				INFOPLIST_KEY_UILaunchScreen_Generation = YES;
				INFOPLIST_KEY_UISupportedInterfaceOrientations_iPad = "UIInterfaceOrientationPortrait UIInterfaceOrientationPortraitUpsideDown UIInterfaceOrientationLandscapeLeft UIInterfaceOrientationLandscapeRight";
				INFOPLIST_KEY_UISupportedInterfaceOrientations_iPhone = "UIInterfaceOrientationPortrait UIInterfaceOrientationLandscapeLeft UIInterfaceOrientationLandscapeRight";
				LD_RUNPATH_SEARCH_PATHS = (
					"$(inherited)",
					"@executable_path/Frameworks",
				);
				MARKETING_VERSION = 1.0;
				PRODUCT_BUNDLE_IDENTIFIER = com.TinderUI;
				PRODUCT_NAME = "$(TARGET_NAME)";
				SWIFT_EMIT_LOC_STRINGS = YES;
				SWIFT_VERSION = 5.0;
				TARGETED_DEVICE_FAMILY = "1,2";
			};
			name = Release;
		};
/* End XCBuildConfiguration section */

/* Begin XCConfigurationList section */
		BDF0AE7829E67AB200DBCB8B /* Build configuration list for PBXProject "TinderUI" */ = {
			isa = XCConfigurationList;
			buildConfigurations = (
				BDF0AE8929E67AB400DBCB8B /* Debug */,
				BDF0AE8A29E67AB400DBCB8B /* Release */,
			);
			defaultConfigurationIsVisible = 0;
			defaultConfigurationName = Release;
		};
		BDF0AE8B29E67AB400DBCB8B /* Build configuration list for PBXNativeTarget "TinderUI" */ = {
			isa = XCConfigurationList;
			buildConfigurations = (
				BDF0AE8C29E67AB400DBCB8B /* Debug */,
				BDF0AE8D29E67AB400DBCB8B /* Release */,
			);
			defaultConfigurationIsVisible = 0;
			defaultConfigurationName = Release;
		};
/* End XCConfigurationList section */
	};
	rootObject = BDF0AE7529E67AB200DBCB8B /* Project object */;
}
